
Microsoft Visual Studio Solution File, Format Version 12.00
# Visual Studio 14
VisualStudioVersion = 14.0.25123.0
MinimumVisualStudioVersion = 10.0.40219.1
Project("{FAE04EC0-301F-11D3-BF4B-00C04F79EFBC}") = "cs-geo-tools", "cs-geo-tools\cs-geo-tools.csproj", "{58949868-9780-40BD-9DA4-6C93F4CE5125}"
EndProject
Project("{FAE04EC0-301F-11D3-BF4B-00C04F79EFBC}") = "cs-geo-tools-samples", "cs-geo-tools-samples\cs-geo-tools-samples.csproj", "{67B825CA-CFCA-4186-BDFD-15B0420FC95E}"
EndProject
Global
	GlobalSection(SolutionConfigurationPlatforms) = preSolution
		Debug|Any CPU = Debug|Any CPU
		Release|Any CPU = Release|Any CPU
	EndGlobalSection
	GlobalSection(ProjectConfigurationPlatforms) = postSolution
		{58949868-9780-40BD-9DA4-6C93F4CE5125}.Debug|Any CPU.ActiveCfg = Debug|Any CPU
		{58949868-9780-40BD-9DA4-6C93F4CE5125}.Debug|Any CPU.Build.0 = Debug|Any CPU
		{58949868-9780-40BD-9DA4-6C93F4CE5125}.Release|Any CPU.ActiveCfg = Release|Any CPU
		{58949868-9780-40BD-9DA4-6C93F4CE5125}.Release|Any CPU.Build.0 = Release|Any CPU
		{67B825CA-CFCA-4186-BDFD-15B0420FC95E}.Debug|Any CPU.ActiveCfg = Debug|Any CPU
		{67B825CA-CFCA-4186-BDFD-15B0420FC95E}.Debug|Any CPU.Build.0 = Debug|Any CPU
		{67B825CA-CFCA-4186-BDFD-15B0420FC95E}.Release|Any CPU.ActiveCfg = Release|Any CPU
		{67B825CA-CFCA-4186-BDFD-15B0420FC95E}.Release|Any CPU.Build.0 = Release|Any CPU
	EndGlobalSection
	GlobalSection(SolutionProperties) = preSolution
		HideSolutionNode = FALSE
	EndGlobalSection
EndGlobal
